
Microsoft Visual Studio Solution File, Format Version 12.00
# Visual Studio Version 16
VisualStudioVersion = 16.0.30002.166
MinimumVisualStudioVersion = 10.0.40219.1
Project("{9A19103F-16F7-4668-BE54-9A1E7A4F7556}") = "Dfe.CdcFileAdapter.FunctionApp", "Dfe.CdcFileAdapter.FunctionApp\Dfe.CdcFileAdapter.FunctionApp.csproj", "{7C269F44-8340-4E1E-BC4B-C63070666E2D}"
EndProject
Project("{9A19103F-16F7-4668-BE54-9A1E7A4F7556}") = "Dfe.CdcFileAdapter.Application", "Dfe.CdcFileAdapter.Application\Dfe.CdcFileAdapter.Application.csproj", "{7248AA1B-2819-42DA-B5A6-F02E4CFA2A88}"
EndProject
Project("{FAE04EC0-301F-11D3-BF4B-00C04F79EFBC}") = "Dfe.CdcFileAdapter.Domain", "Dfe.CdcFileAdapter.Domain\Dfe.CdcFileAdapter.Domain.csproj", "{E849FD20-7D75-4D55-AF33-39FD4A62F6A7}"
EndProject
Project("{FAE04EC0-301F-11D3-BF4B-00C04F79EFBC}") = "Dfe.CdcFileAdapter.Infrastructure.AzureStorage", "Dfe.CdcFileAdapter.Infrastructure.AzureStorage\Dfe.CdcFileAdapter.Infrastructure.AzureStorage.csproj", "{CEE44843-364E-465A-B8CD-A8DF06D12B8F}"
EndProject
Global
	GlobalSection(SolutionConfigurationPlatforms) = preSolution
		Debug|Any CPU = Debug|Any CPU
		Release|Any CPU = Release|Any CPU
	EndGlobalSection
	GlobalSection(ProjectConfigurationPlatforms) = postSolution
		{7C269F44-8340-4E1E-BC4B-C63070666E2D}.Debug|Any CPU.ActiveCfg = Debug|Any CPU
		{7C269F44-8340-4E1E-BC4B-C63070666E2D}.Debug|Any CPU.Build.0 = Debug|Any CPU
		{7C269F44-8340-4E1E-BC4B-C63070666E2D}.Release|Any CPU.ActiveCfg = Release|Any CPU
		{7C269F44-8340-4E1E-BC4B-C63070666E2D}.Release|Any CPU.Build.0 = Release|Any CPU
		{7248AA1B-2819-42DA-B5A6-F02E4CFA2A88}.Debug|Any CPU.ActiveCfg = Debug|Any CPU
		{7248AA1B-2819-42DA-B5A6-F02E4CFA2A88}.Debug|Any CPU.Build.0 = Debug|Any CPU
		{7248AA1B-2819-42DA-B5A6-F02E4CFA2A88}.Release|Any CPU.ActiveCfg = Release|Any CPU
		{7248AA1B-2819-42DA-B5A6-F02E4CFA2A88}.Release|Any CPU.Build.0 = Release|Any CPU
		{E849FD20-7D75-4D55-AF33-39FD4A62F6A7}.Debug|Any CPU.ActiveCfg = Debug|Any CPU
		{E849FD20-7D75-4D55-AF33-39FD4A62F6A7}.Debug|Any CPU.Build.0 = Debug|Any CPU
		{E849FD20-7D75-4D55-AF33-39FD4A62F6A7}.Release|Any CPU.ActiveCfg = Release|Any CPU
		{E849FD20-7D75-4D55-AF33-39FD4A62F6A7}.Release|Any CPU.Build.0 = Release|Any CPU
		{CEE44843-364E-465A-B8CD-A8DF06D12B8F}.Debug|Any CPU.ActiveCfg = Debug|Any CPU
		{CEE44843-364E-465A-B8CD-A8DF06D12B8F}.Debug|Any CPU.Build.0 = Debug|Any CPU
		{CEE44843-364E-465A-B8CD-A8DF06D12B8F}.Release|Any CPU.ActiveCfg = Release|Any CPU
		{CEE44843-364E-465A-B8CD-A8DF06D12B8F}.Release|Any CPU.Build.0 = Release|Any CPU
	EndGlobalSection
	GlobalSection(SolutionProperties) = preSolution
		HideSolutionNode = FALSE
	EndGlobalSection
	GlobalSection(ExtensibilityGlobals) = postSolution
		SolutionGuid = {69A29846-15E2-43D9-A19F-D6F7C9560138}
	EndGlobalSection
EndGlobal
